<?xml version="1.0" encoding="utf-8"?>
<Project ToolsVersion="4.0" xmlns="http://schemas.microsoft.com/developer/msbuild/2003">
  <ItemGroup>
    <Filter Include="Source Files">
      <UniqueIdentifier>{04f12227-dba4-4e16-8640-971cdee708bc}</UniqueIdentifier>
      <Extensions>cpp;c;cxx;rc;def;r;odl;idl;hpj;bat</Extensions>
    </Filter>
    <Filter Include="Header Files">
      <UniqueIdentifier>{efbc03ad-ce77-42a4-8fe8-7178ddb4c82a}</UniqueIdentifier>
      <Extensions>h;hpp;hxx;hm;inl</Extensions>
    </Filter>
    <Filter Include="Resource Files">
      <UniqueIdentifier>{f9582f8e-f96e-41b9-905b-b3161147999d}</UniqueIdentifier>
      <Extensions>ico;cur;bmp;dlg;rc2;rct;bin;rgs;gif;jpg;jpeg;jpe</Extensions>
    </Filter>
  </ItemGroup>
  <ItemGroup>
    <ClCompile Include="ChatButton.cpp">
      <Filter>Source Files</Filter>
    </ClCompile>
    <ClCompile Include="Messages\ChatMessages.cpp">
      <Filter>Source Files</Filter>
    </ClCompile>
    <ClCompile Include="ChatMsgFactory.cpp">
      <Filter>Source Files</Filter>
    </ClCompile>
    <ClCompile Include="MsgConverter.cpp">
      <Filter>Source Files</Filter>
    </ClCompile>
    <ClCompile Include="MyRichEdit.cpp">
      <Filter>Source Files</Filter>
    </ClCompile>
    <ClCompile Include="RTFStream\RTFStream.cpp">
      <Filter>Source Files</Filter>
    </ClCompile>
    <ClCompile Include="SimpleChat.cpp">
      <Filter>Source Files</Filter>
    </ClCompile>
    <ClCompile Include="SimpleChatDlg.cpp">
      <Filter>Source Files</Filter>
    </ClCompile>
    <ClCompile Include="StdAfx.cpp">
      <Filter>Source Files</Filter>
    </ClCompile>
    <ClCompile Include="Shell\SystemTray.cpp">
      <Filter>Source Files</Filter>
    </ClCompile>
  </ItemGroup>
  <ItemGroup>
    <ResourceCompile Include="SimpleChat.rc">
      <Filter>Source Files</Filter>
    </ResourceCompile>
  </ItemGroup>
  <ItemGroup>
    <ClInclude Include="ChatButton.h">
      <Filter>Header Files</Filter>
    </ClInclude>
    <ClInclude Include="Messages\ChatMessages.h">
      <Filter>Header Files</Filter>
    </ClInclude>
    <ClInclude Include="ChatMsgFactory.h">
      <Filter>Header Files</Filter>
    </ClInclude>
    <ClInclude Include="MsgConverter.h">
      <Filter>Header Files</Filter>
    </ClInclude>
    <ClInclude Include="MyRichEdit.h">
      <Filter>Header Files</Filter>
    </ClInclude>
    <ClInclude Include="Messages\NetMsgNames.h">
      <Filter>Header Files</Filter>
    </ClInclude>
    <ClInclude Include="resource.h">
      <Filter>Header Files</Filter>
    </ClInclude>
    <ClInclude Include="RTFStream\RTFStream.h">
      <Filter>Header Files</Filter>
    </ClInclude>
    <ClInclude Include="SimpleChat.h">
      <Filter>Header Files</Filter>
    </ClInclude>
    <ClInclude Include="SimpleChatDlg.h">
      <Filter>Header Files</Filter>
    </ClInclude>
    <ClInclude Include="StdAfx.h">
      <Filter>Header Files</Filter>
    </ClInclude>
    <ClInclude Include="RTFStream\StreamStuff.h">
      <Filter>Header Files</Filter>
    </ClInclude>
    <ClInclude Include="Shell\SystemTray.h">
      <Filter>Header Files</Filter>
    </ClInclude>
  </ItemGroup>
  <ItemGroup>
    <Image Include="res\about1.ico">
      <Filter>Resource Files</Filter>
    </Image>
    <Image Include="res\about_ol.bmp">
      <Filter>Resource Files</Filter>
    </Image>
    <Image Include="res\Back.bmp">
      <Filter>Resource Files</Filter>
    </Image>
    <Image Include="res\bitmap1.bmp">
      <Filter>Resource Files</Filter>
    </Image>
    <Image Include="res\clipart_money_023.gif">
      <Filter>Resource Files</Filter>
    </Image>
    <Image Include="res\ico00001.ico">
      <Filter>Resource Files</Filter>
    </Image>
    <Image Include="res\Icon.bmp">
      <Filter>Resource Files</Filter>
    </Image>
    <Image Include="res\icon1.ico">
      <Filter>Resource Files</Filter>
    </Image>
    <Image Include="res\idr_main.ico">
      <Filter>Resource Files</Filter>
    </Image>
    <Image Include="res\Leaves.bmp">
      <Filter>Resource Files</Filter>
    </Image>
    <Image Include="res\SimpleChat.ico">
      <Filter>Resource Files</Filter>
    </Image>
  </ItemGroup>
  <ItemGroup>
    <Text Include="ReadMe.txt" />
  </ItemGroup>
  <ItemGroup>
    <CustomBuild Include="res\SimpleChat.rc2">
      <Filter>Resource Files</Filter>
    </CustomBuild>
  </ItemGroup>
</Project>