<?xml version="1.0" encoding="utf-8"?>
<Project ToolsVersion="4.0" xmlns="http://schemas.microsoft.com/developer/msbuild/2003">
  <ItemGroup>
    <Filter Include="Source Files">
      <UniqueIdentifier>{59d5951c-fa54-4ff2-87c8-889afd93af09}</UniqueIdentifier>
      <Extensions>cpp;c;cxx;rc;def;r;odl;idl;hpj;bat</Extensions>
    </Filter>
    <Filter Include="Header Files">
      <UniqueIdentifier>{28571871-0e51-4f8b-9174-4c066a8a3053}</UniqueIdentifier>
      <Extensions>h;hpp;hxx;hm;inl</Extensions>
    </Filter>
    <Filter Include="Resource Files">
      <UniqueIdentifier>{c53e1b5f-1e21-4c7d-ac16-cb944fd1e99b}</UniqueIdentifier>
      <Extensions>ico;cur;bmp;dlg;rc2;rct;bin;rgs;gif;jpg;jpeg;jpe</Extensions>
    </Filter>
  </ItemGroup>
  <ItemGroup>
    <ClCompile Include="GDI.cpp">
      <Filter>Source Files</Filter>
    </ClCompile>
    <ClCompile Include="HoverButton.cpp">
      <Filter>Source Files</Filter>
    </ClCompile>
    <ClCompile Include="MDC.cpp">
      <Filter>Source Files</Filter>
    </ClCompile>
    <ClCompile Include="MImage.cpp">
      <Filter>Source Files</Filter>
    </ClCompile>
    <ClCompile Include="StdAfx.cpp">
      <Filter>Source Files</Filter>
    </ClCompile>
  </ItemGroup>
  <ItemGroup>
    <ResourceCompile Include="GDI.rc">
      <Filter>Source Files</Filter>
    </ResourceCompile>
  </ItemGroup>
  <ItemGroup>
    <ClInclude Include="HoverButton.h">
      <Filter>Header Files</Filter>
    </ClInclude>
    <ClInclude Include="MDC.h">
      <Filter>Header Files</Filter>
    </ClInclude>
    <ClInclude Include="MImage.h">
      <Filter>Header Files</Filter>
    </ClInclude>
    <ClInclude Include="Resource.h">
      <Filter>Header Files</Filter>
    </ClInclude>
    <ClInclude Include="StdAfx.h">
      <Filter>Header Files</Filter>
    </ClInclude>
  </ItemGroup>
  <ItemGroup>
    <Text Include="ReadMe.txt" />
  </ItemGroup>
  <ItemGroup>
    <CustomBuild Include="GDI.def">
      <Filter>Source Files</Filter>
    </CustomBuild>
    <CustomBuild Include="res\GDI.rc2">
      <Filter>Resource Files</Filter>
    </CustomBuild>
  </ItemGroup>
</Project>