<?xml version="1.0" encoding="utf-8"?>
<Project ToolsVersion="4.0" xmlns="http://schemas.microsoft.com/developer/msbuild/2003">
  <ItemGroup>
    <Filter Include="Source Files">
      <UniqueIdentifier>{789aad79-8882-40bf-ba29-81a9314e3c19}</UniqueIdentifier>
      <Extensions>cpp;c;cxx;rc;def;r;odl;idl;hpj;bat</Extensions>
    </Filter>
    <Filter Include="Header Files">
      <UniqueIdentifier>{cf2027cd-9141-4dab-bc36-4a9654ed88af}</UniqueIdentifier>
      <Extensions>h;hpp;hxx;hm;inl</Extensions>
    </Filter>
  </ItemGroup>
  <ItemGroup>
    <ClCompile Include="Threads\AcceptorThread.cpp">
      <Filter>Source Files</Filter>
    </ClCompile>
    <ClCompile Include="Threads\FileAcceptorThread.cpp">
      <Filter>Source Files</Filter>
    </ClCompile>
    <ClCompile Include="Mutex.cpp">
      <Filter>Source Files</Filter>
    </ClCompile>
    <ClCompile Include="NetAddress.cpp">
      <Filter>Source Files</Filter>
    </ClCompile>
    <ClCompile Include="NetAddressScanner.cpp">
      <Filter>Source Files</Filter>
    </ClCompile>
    <ClCompile Include="NetConnection.cpp">
      <Filter>Source Files</Filter>
    </ClCompile>
    <ClCompile Include="NetException.cpp">
      <Filter>Source Files</Filter>
    </ClCompile>
    <ClCompile Include="NetFile.cpp">
      <Filter>Source Files</Filter>
    </ClCompile>
    <ClCompile Include="NetFileAddress.cpp">
      <Filter>Source Files</Filter>
    </ClCompile>
    <ClCompile Include="NetFileConnector.cpp">
      <Filter>Source Files</Filter>
    </ClCompile>
    <ClCompile Include="NetFileHdr.cpp">
      <Filter>Source Files</Filter>
    </ClCompile>
    <ClCompile Include="NetFileInfo.cpp">
      <Filter>Source Files</Filter>
    </ClCompile>
    <ClCompile Include="NetIPAddress.cpp">
      <Filter>Source Files</Filter>
    </ClCompile>
    <ClCompile Include="NetMessage.cpp">
      <Filter>Source Files</Filter>
    </ClCompile>
    <ClCompile Include="Notifications\NetNotif.cpp">
      <Filter>Source Files</Filter>
    </ClCompile>
    <ClCompile Include="NetPortScanner.cpp">
      <Filter>Source Files</Filter>
    </ClCompile>
    <ClCompile Include="NetSockAcceptor.cpp">
      <Filter>Source Files</Filter>
    </ClCompile>
    <ClCompile Include="NetSockConnection.cpp">
      <Filter>Source Files</Filter>
    </ClCompile>
    <ClCompile Include="NetSockConnector.cpp">
      <Filter>Source Files</Filter>
    </ClCompile>
    <ClCompile Include="NetStream.cpp">
      <Filter>Source Files</Filter>
    </ClCompile>
    <ClCompile Include="Threads\NetThread.cpp">
      <Filter>Source Files</Filter>
    </ClCompile>
    <ClCompile Include="Notifications\Notification.cpp">
      <Filter>Source Files</Filter>
    </ClCompile>
    <ClCompile Include="ParamsParser.cpp">
      <Filter>Source Files</Filter>
    </ClCompile>
    <ClCompile Include="ParamsScanner.cpp">
      <Filter>Source Files</Filter>
    </ClCompile>
    <ClCompile Include="Threads\ReceiverThread.cpp">
      <Filter>Source Files</Filter>
    </ClCompile>
    <ClCompile Include="SafeVector.cpp">
      <Filter>Source Files</Filter>
    </ClCompile>
    <ClCompile Include="Threads\SenderThread.cpp">
      <Filter>Source Files</Filter>
    </ClCompile>
    <ClCompile Include="Threads\SendReceiveThread.cpp">
      <Filter>Source Files</Filter>
    </ClCompile>
    <ClCompile Include="stdafx.cpp">
      <Filter>Source Files</Filter>
    </ClCompile>
    <ClCompile Include="stdNetAPI.cpp">
      <Filter>Source Files</Filter>
    </ClCompile>
    <ClCompile Include="ThreadStorage.cpp">
      <Filter>Source Files</Filter>
    </ClCompile>
  </ItemGroup>
  <ItemGroup>
    <ClInclude Include="Threads\AcceptorThread.h">
      <Filter>Header Files</Filter>
    </ClInclude>
    <ClInclude Include="Threads\FileAcceptorThread.h">
      <Filter>Header Files</Filter>
    </ClInclude>
    <ClInclude Include="Mutex.h">
      <Filter>Header Files</Filter>
    </ClInclude>
    <ClInclude Include="NetAddress.h">
      <Filter>Header Files</Filter>
    </ClInclude>
    <ClInclude Include="NetAddressScanner.h">
      <Filter>Header Files</Filter>
    </ClInclude>
    <ClInclude Include="NetConnection.h">
      <Filter>Header Files</Filter>
    </ClInclude>
    <ClInclude Include="NetException.h">
      <Filter>Header Files</Filter>
    </ClInclude>
    <ClInclude Include="NetFile.h">
      <Filter>Header Files</Filter>
    </ClInclude>
    <ClInclude Include="NetFileAddress.h">
      <Filter>Header Files</Filter>
    </ClInclude>
    <ClInclude Include="NetFileConnector.h">
      <Filter>Header Files</Filter>
    </ClInclude>
    <ClInclude Include="NetFileHdr.h">
      <Filter>Header Files</Filter>
    </ClInclude>
    <ClInclude Include="NetFileInfo.h">
      <Filter>Header Files</Filter>
    </ClInclude>
    <ClInclude Include="NetIPAddress.h">
      <Filter>Header Files</Filter>
    </ClInclude>
    <ClInclude Include="NetMessage.h">
      <Filter>Header Files</Filter>
    </ClInclude>
    <ClInclude Include="Notifications\NetNotif.h">
      <Filter>Header Files</Filter>
    </ClInclude>
    <ClInclude Include="NetPortScanner.h">
      <Filter>Header Files</Filter>
    </ClInclude>
    <ClInclude Include="NetSockAcceptor.h">
      <Filter>Header Files</Filter>
    </ClInclude>
    <ClInclude Include="NetSockConnection.h">
      <Filter>Header Files</Filter>
    </ClInclude>
    <ClInclude Include="NetSockConnector.h">
      <Filter>Header Files</Filter>
    </ClInclude>
    <ClInclude Include="NetStream.h">
      <Filter>Header Files</Filter>
    </ClInclude>
    <ClInclude Include="Threads\NetThread.h">
      <Filter>Header Files</Filter>
    </ClInclude>
    <ClInclude Include="Notifications\Notification.h">
      <Filter>Header Files</Filter>
    </ClInclude>
    <ClInclude Include="ParamsParser.h">
      <Filter>Header Files</Filter>
    </ClInclude>
    <ClInclude Include="ParamsScanner.h">
      <Filter>Header Files</Filter>
    </ClInclude>
    <ClInclude Include="Threads\ReceiverThread.h">
      <Filter>Header Files</Filter>
    </ClInclude>
    <ClInclude Include="SafeVector.h">
      <Filter>Header Files</Filter>
    </ClInclude>
    <ClInclude Include="Threads\SenderThread.h">
      <Filter>Header Files</Filter>
    </ClInclude>
    <ClInclude Include="Threads\SendReceiveThread.h">
      <Filter>Header Files</Filter>
    </ClInclude>
    <ClInclude Include="stdafx.h">
      <Filter>Header Files</Filter>
    </ClInclude>
    <ClInclude Include="stdNetAPI.h">
      <Filter>Header Files</Filter>
    </ClInclude>
    <ClInclude Include="ThreadStorage.h">
      <Filter>Header Files</Filter>
    </ClInclude>
  </ItemGroup>
</Project>